
Microsoft Visual Studio Solution File, Format Version 12.00
# Visual Studio 15
Project("{FAE04EC0-301F-11D3-BF4B-00C04F79EFBC}") = "Assembly-CSharp", "Assembly-CSharp.csproj", "{F130AA28-492E-26B8-1E0B-15B94A10E7F0}"
EndProject
Project("{FAE04EC0-301F-11D3-BF4B-00C04F79EFBC}") = "Assembly-CSharp-firstpass", "Assembly-CSharp-firstpass.csproj", "{D82A3076-CF59-0C2D-E015-E37905496C5D}"
EndProject
Global
	GlobalSection(SolutionConfigurationPlatforms) = preSolution
		Debug|Any CPU = Debug|Any CPU
		Release|Any CPU = Release|Any CPU
	EndGlobalSection
	GlobalSection(ProjectConfigurationPlatforms) = postSolution
		{F130AA28-492E-26B8-1E0B-15B94A10E7F0}.Debug|Any CPU.ActiveCfg = Debug|Any CPU
		{F130AA28-492E-26B8-1E0B-15B94A10E7F0}.Debug|Any CPU.Build.0 = Debug|Any CPU
		{F130AA28-492E-26B8-1E0B-15B94A10E7F0}.Release|Any CPU.ActiveCfg = Release|Any CPU
		{F130AA28-492E-26B8-1E0B-15B94A10E7F0}.Release|Any CPU.Build.0 = Release|Any CPU
		{D82A3076-CF59-0C2D-E015-E37905496C5D}.Debug|Any CPU.ActiveCfg = Debug|Any CPU
		{D82A3076-CF59-0C2D-E015-E37905496C5D}.Debug|Any CPU.Build.0 = Debug|Any CPU
		{D82A3076-CF59-0C2D-E015-E37905496C5D}.Release|Any CPU.ActiveCfg = Release|Any CPU
		{D82A3076-CF59-0C2D-E015-E37905496C5D}.Release|Any CPU.Build.0 = Release|Any CPU
	EndGlobalSection
	GlobalSection(SolutionProperties) = preSolution
		HideSolutionNode = FALSE
	EndGlobalSection
EndGlobal
